
Microsoft Visual Studio Solution File, Format Version 12.00
# Visual Studio Version 17
VisualStudioVersion = 17.3.32901.215
MinimumVisualStudioVersion = 10.0.40219.1
Project("{FAE04EC0-301F-11D3-BF4B-00C04F79EFBC}") = "MulArrayv1", "MulArrayv1\MulArrayv1.csproj", "{044357DD-82F3-4798-BC8F-259E9D35AC62}"
EndProject
Global
	GlobalSection(SolutionConfigurationPlatforms) = preSolution
		Debug|Any CPU = Debug|Any CPU
		Release|Any CPU = Release|Any CPU
	EndGlobalSection
	GlobalSection(ProjectConfigurationPlatforms) = postSolution
		{044357DD-82F3-4798-BC8F-259E9D35AC62}.Debug|Any CPU.ActiveCfg = Debug|Any CPU
		{044357DD-82F3-4798-BC8F-259E9D35AC62}.Debug|Any CPU.Build.0 = Debug|Any CPU
		{044357DD-82F3-4798-BC8F-259E9D35AC62}.Release|Any CPU.ActiveCfg = Release|Any CPU
		{044357DD-82F3-4798-BC8F-259E9D35AC62}.Release|Any CPU.Build.0 = Release|Any CPU
	EndGlobalSection
	GlobalSection(SolutionProperties) = preSolution
		HideSolutionNode = FALSE
	EndGlobalSection
	GlobalSection(ExtensibilityGlobals) = postSolution
		SolutionGuid = {9ACF4B83-6FAB-44A4-8CCA-6FBA297B5EB5}
	EndGlobalSection
EndGlobal
